
Microsoft Visual Studio Solution File, Format Version 12.00
# Visual Studio 14
VisualStudioVersion = 14.0.25420.1
MinimumVisualStudioVersion = 10.0.40219.1
Project("{FAE04EC0-301F-11D3-BF4B-00C04F79EFBC}") = "FERRESYSNG", "FERRESYSNG\FERRESYSNG.csproj", "{32776C87-2762-44AC-9123-0A65986A4247}"
EndProject
Project("{2150E333-8FDC-42A3-9474-1A3956D46DE8}") = "Tests", "Tests", "{DA8D2390-7C36-4D03-82CA-3547B36F4EA6}"
EndProject
Project("{2150E333-8FDC-42A3-9474-1A3956D46DE8}") = "Unit", "Unit", "{818084A1-A27B-46E4-B6C9-264B9F1F3F89}"
EndProject
Project("{2150E333-8FDC-42A3-9474-1A3956D46DE8}") = "Integration", "Integration", "{9D7C0CD2-3D71-4DCE-861B-E028091BD986}"
EndProject
Project("{2150E333-8FDC-42A3-9474-1A3956D46DE8}") = "Acceptance", "Acceptance", "{4C5BAC9A-FF4A-4E37-96D7-6D4C6614934A}"
EndProject
Project("{FAE04EC0-301F-11D3-BF4B-00C04F79EFBC}") = "Tests.Unit.DeventSoft.FERRESYS.Domain", "Tests.Unit.DeventSoft.FERRESYS.Domain\Tests.Unit.DeventSoft.FERRESYS.Domain.csproj", "{96F5DDA2-B862-47B7-ABED-651A31F71E16}"
EndProject
Project("{FAE04EC0-301F-11D3-BF4B-00C04F79EFBC}") = "DeventSoft.FERRESYS.Domain.Managers", "DeventSoft.FERRESYS.Domain\DeventSoft.FERRESYS.Domain.Managers.csproj", "{BCA7CBA3-577B-4574-9FDA-03ABBB482042}"
EndProject
Project("{FAE04EC0-301F-11D3-BF4B-00C04F79EFBC}") = "DeventSoft.FERRESYS.DAL", "DeventSoft.FERRESYS.DAL\DeventSoft.FERRESYS.DAL.csproj", "{CD3838A1-FD87-49FD-ADD4-424E67D164FD}"
EndProject
Project("{FAE04EC0-301F-11D3-BF4B-00C04F79EFBC}") = "Tests.Unit.DeventSoft.FERRESYS.DAL", "Tests.Unit.DeventSoft.FERRESYS.DAL\Tests.Unit.DeventSoft.FERRESYS.DAL.csproj", "{7A2E4C1E-8B95-47DC-AC46-49E6A84A49A7}"
EndProject
Project("{2150E333-8FDC-42A3-9474-1A3956D46DE8}") = "Domain", "Domain", "{29021240-83F5-4573-A20F-B2FD1F3363A5}"
EndProject
Project("{2150E333-8FDC-42A3-9474-1A3956D46DE8}") = "DAL", "DAL", "{C53F4ABB-C265-4C26-8D35-CD744C7A9BE5}"
EndProject
Global
	GlobalSection(SolutionConfigurationPlatforms) = preSolution
		Debug|Any CPU = Debug|Any CPU
		Release|Any CPU = Release|Any CPU
	EndGlobalSection
	GlobalSection(ProjectConfigurationPlatforms) = postSolution
		{32776C87-2762-44AC-9123-0A65986A4247}.Debug|Any CPU.ActiveCfg = Debug|Any CPU
		{32776C87-2762-44AC-9123-0A65986A4247}.Debug|Any CPU.Build.0 = Debug|Any CPU
		{32776C87-2762-44AC-9123-0A65986A4247}.Release|Any CPU.ActiveCfg = Release|Any CPU
		{32776C87-2762-44AC-9123-0A65986A4247}.Release|Any CPU.Build.0 = Release|Any CPU
		{96F5DDA2-B862-47B7-ABED-651A31F71E16}.Debug|Any CPU.ActiveCfg = Debug|Any CPU
		{96F5DDA2-B862-47B7-ABED-651A31F71E16}.Debug|Any CPU.Build.0 = Debug|Any CPU
		{96F5DDA2-B862-47B7-ABED-651A31F71E16}.Release|Any CPU.ActiveCfg = Release|Any CPU
		{96F5DDA2-B862-47B7-ABED-651A31F71E16}.Release|Any CPU.Build.0 = Release|Any CPU
		{BCA7CBA3-577B-4574-9FDA-03ABBB482042}.Debug|Any CPU.ActiveCfg = Debug|Any CPU
		{BCA7CBA3-577B-4574-9FDA-03ABBB482042}.Debug|Any CPU.Build.0 = Debug|Any CPU
		{BCA7CBA3-577B-4574-9FDA-03ABBB482042}.Release|Any CPU.ActiveCfg = Release|Any CPU
		{BCA7CBA3-577B-4574-9FDA-03ABBB482042}.Release|Any CPU.Build.0 = Release|Any CPU
		{CD3838A1-FD87-49FD-ADD4-424E67D164FD}.Debug|Any CPU.ActiveCfg = Debug|Any CPU
		{CD3838A1-FD87-49FD-ADD4-424E67D164FD}.Debug|Any CPU.Build.0 = Debug|Any CPU
		{CD3838A1-FD87-49FD-ADD4-424E67D164FD}.Release|Any CPU.ActiveCfg = Release|Any CPU
		{CD3838A1-FD87-49FD-ADD4-424E67D164FD}.Release|Any CPU.Build.0 = Release|Any CPU
		{7A2E4C1E-8B95-47DC-AC46-49E6A84A49A7}.Debug|Any CPU.ActiveCfg = Debug|Any CPU
		{7A2E4C1E-8B95-47DC-AC46-49E6A84A49A7}.Debug|Any CPU.Build.0 = Debug|Any CPU
		{7A2E4C1E-8B95-47DC-AC46-49E6A84A49A7}.Release|Any CPU.ActiveCfg = Release|Any CPU
		{7A2E4C1E-8B95-47DC-AC46-49E6A84A49A7}.Release|Any CPU.Build.0 = Release|Any CPU
	EndGlobalSection
	GlobalSection(SolutionProperties) = preSolution
		HideSolutionNode = FALSE
	EndGlobalSection
	GlobalSection(NestedProjects) = preSolution
		{818084A1-A27B-46E4-B6C9-264B9F1F3F89} = {DA8D2390-7C36-4D03-82CA-3547B36F4EA6}
		{9D7C0CD2-3D71-4DCE-861B-E028091BD986} = {DA8D2390-7C36-4D03-82CA-3547B36F4EA6}
		{4C5BAC9A-FF4A-4E37-96D7-6D4C6614934A} = {DA8D2390-7C36-4D03-82CA-3547B36F4EA6}
		{96F5DDA2-B862-47B7-ABED-651A31F71E16} = {818084A1-A27B-46E4-B6C9-264B9F1F3F89}
		{BCA7CBA3-577B-4574-9FDA-03ABBB482042} = {29021240-83F5-4573-A20F-B2FD1F3363A5}
		{CD3838A1-FD87-49FD-ADD4-424E67D164FD} = {C53F4ABB-C265-4C26-8D35-CD744C7A9BE5}
		{7A2E4C1E-8B95-47DC-AC46-49E6A84A49A7} = {818084A1-A27B-46E4-B6C9-264B9F1F3F89}
	EndGlobalSection
EndGlobal
